// !$*UTF8*$!
{
	archiveVersion = 1;
	classes = {
	};
	objectVersion = 50;
	objects = {

/* Begin PBXBuildFile section */
		925C300823C33686004CCBFD /* AppDelegate.swift in Sources */ = {isa = PBXBuildFile; fileRef = 925C300723C33686004CCBFD /* AppDelegate.swift */; };
		925C300A23C33686004CCBFD /* ViewController.swift in Sources */ = {isa = PBXBuildFile; fileRef = 925C300923C33686004CCBFD /* ViewController.swift */; };
		925C300D23C33686004CCBFD /* Main.storyboard in Resources */ = {isa = PBXBuildFile; fileRef = 925C300B23C33686004CCBFD /* Main.storyboard */; };
		925C300F23C3368C004CCBFD /* Assets.xcassets in Resources */ = {isa = PBXBuildFile; fileRef = 925C300E23C3368C004CCBFD /* Assets.xcassets */; };
		925C301223C3368C004CCBFD /* LaunchScreen.storyboard in Resources */ = {isa = PBXBuildFile; fileRef = 925C301023C3368C004CCBFD /* LaunchScreen.storyboard */; };
		925C301D23C3368C004CCBFD /* MultipleTableviewTests.swift in Sources */ = {isa = PBXBuildFile; fileRef = 925C301C23C3368C004CCBFD /* MultipleTableviewTests.swift */; };
/* End PBXBuildFile section */

/* Begin PBXContainerItemProxy section */
		925C301923C3368C004CCBFD /* PBXContainerItemProxy */ = {
			isa = PBXContainerItemProxy;
			containerPortal = 925C2FFC23C33686004CCBFD /* Project object */;
			proxyType = 1;
			remoteGlobalIDString = 925C300323C33686004CCBFD;
			remoteInfo = MultipleTableview;
		};
/* End PBXContainerItemProxy section */

/* Begin PBXFileReference section */
		925C300423C33686004CCBFD /* MultipleTableview.app */ = {isa = PBXFileReference; explicitFileType = wrapper.application; includeInIndex = 0; path = MultipleTableview.app; sourceTree = BUILT_PRODUCTS_DIR; };
		925C300723C33686004CCBFD /* AppDelegate.swift */ = {isa = PBXFileReference; lastKnownFileType = sourcecode.swift; path = AppDelegate.swift; sourceTree = "<group>"; };
		925C300923C33686004CCBFD /* ViewController.swift */ = {isa = PBXFileReference; lastKnownFileType = sourcecode.swift; path = ViewController.swift; sourceTree = "<group>"; };
		925C300C23C33686004CCBFD /* Base */ = {isa = PBXFileReference; lastKnownFileType = file.storyboard; name = Base; path = Base.lproj/Main.storyboard; sourceTree = "<group>"; };
		925C300E23C3368C004CCBFD /* Assets.xcassets */ = {isa = PBXFileReference; lastKnownFileType = folder.assetcatalog; path = Assets.xcassets; sourceTree = "<group>"; };
		925C301123C3368C004CCBFD /* Base */ = {isa = PBXFileReference; lastKnownFileType = file.storyboard; name = Base; path = Base.lproj/LaunchScreen.storyboard; sourceTree = "<group>"; };
		925C301323C3368C004CCBFD /* Info.plist */ = {isa = PBXFileReference; lastKnownFileType = text.plist.xml; path = Info.plist; sourceTree = "<group>"; };
		925C301823C3368C004CCBFD /* MultipleTableviewTests.xctest */ = {isa = PBXFileReference; explicitFileType = wrapper.cfbundle; includeInIndex = 0; path = MultipleTableviewTests.xctest; sourceTree = BUILT_PRODUCTS_DIR; };
		925C301C23C3368C004CCBFD /* MultipleTableviewTests.swift */ = {isa = PBXFileReference; lastKnownFileType = sourcecode.swift; path = MultipleTableviewTests.swift; sourceTree = "<group>"; };
		925C301E23C3368C004CCBFD /* Info.plist */ = {isa = PBXFileReference; lastKnownFileType = text.plist.xml; path = Info.plist; sourceTree = "<group>"; };
/* End PBXFileReference section */

/* Begin PBXFrameworksBuildPhase section */
		925C300123C33686004CCBFD /* Frameworks */ = {
			isa = PBXFrameworksBuildPhase;
			buildActionMask = 2147483647;
			files = (
			);
			runOnlyForDeploymentPostprocessing = 0;
		};
		925C301523C3368C004CCBFD /* Frameworks */ = {
			isa = PBXFrameworksBuildPhase;
			buildActionMask = 2147483647;
			files = (
			);
			runOnlyForDeploymentPostprocessing = 0;
		};
/* End PBXFrameworksBuildPhase section */

/* Begin PBXGroup section */
		925C2FFB23C33686004CCBFD = {
			isa = PBXGroup;
			children = (
				925C300623C33686004CCBFD /* MultipleTableview */,
				925C301B23C3368C004CCBFD /* MultipleTableviewTests */,
				925C300523C33686004CCBFD /* Products */,
			);
			sourceTree = "<group>";
		};
		925C300523C33686004CCBFD /* Products */ = {
			isa = PBXGroup;
			children = (
				925C300423C33686004CCBFD /* MultipleTableview.app */,
				925C301823C3368C004CCBFD /* MultipleTableviewTests.xctest */,
			);
			name = Products;
			sourceTree = "<group>";
		};
		925C300623C33686004CCBFD /* MultipleTableview */ = {
			isa = PBXGroup;
			children = (
				925C300723C33686004CCBFD /* AppDelegate.swift */,
				925C300923C33686004CCBFD /* ViewController.swift */,
				925C300B23C33686004CCBFD /* Main.storyboard */,
				925C300E23C3368C004CCBFD /* Assets.xcassets */,
				925C301023C3368C004CCBFD /* LaunchScreen.storyboard */,
				925C301323C3368C004CCBFD /* Info.plist */,
			);
			path = MultipleTableview;
			sourceTree = "<group>";
		};
		925C301B23C3368C004CCBFD /* MultipleTableviewTests */ = {
			isa = PBXGroup;
			children = (
				925C301C23C3368C004CCBFD /* MultipleTableviewTests.swift */,
				925C301E23C3368C004CCBFD /* Info.plist */,
			);
			path = MultipleTableviewTests;
			sourceTree = "<group>";
		};
/* End PBXGroup section */

/* Begin PBXNativeTarget section */
		925C300323C33686004CCBFD /* MultipleTableview */ = {
			isa = PBXNativeTarget;
			buildConfigurationList = 925C302123C3368C004CCBFD /* Build configuration list for PBXNativeTarget "MultipleTableview" */;
			buildPhases = (
				925C300023C33686004CCBFD /* Sources */,
				925C300123C33686004CCBFD /* Frameworks */,
				925C300223C33686004CCBFD /* Resources */,
			);
			buildRules = (
			);
			dependencies = (
			);
			name = MultipleTableview;
			productName = MultipleTableview;
			productReference = 925C300423C33686004CCBFD /* MultipleTableview.app */;
			productType = "com.apple.product-type.application";
		};
		925C301723C3368C004CCBFD /* MultipleTableviewTests */ = {
			isa = PBXNativeTarget;
			buildConfigurationList = 925C302423C3368C004CCBFD /* Build configuration list for PBXNativeTarget "MultipleTableviewTests" */;
			buildPhases = (
				925C301423C3368C004CCBFD /* Sources */,
				925C301523C3368C004CCBFD /* Frameworks */,
				925C301623C3368C004CCBFD /* Resources */,
			);
			buildRules = (
			);
			dependencies = (
				925C301A23C3368C004CCBFD /* PBXTargetDependency */,
			);
			name = MultipleTableviewTests;
			productName = MultipleTableviewTests;
			productReference = 925C301823C3368C004CCBFD /* MultipleTableviewTests.xctest */;
			productType = "com.apple.product-type.bundle.unit-test";
		};
/* End PBXNativeTarget section */

/* Begin PBXProject section */
		925C2FFC23C33686004CCBFD /* Project object */ = {
			isa = PBXProject;
			attributes = {
				LastSwiftUpdateCheck = 1000;
				LastUpgradeCheck = 1000;
				ORGANIZATIONNAME = "Sabbir Hossain";
				TargetAttributes = {
					925C300323C33686004CCBFD = {
						CreatedOnToolsVersion = 10.0;
					};
					925C301723C3368C004CCBFD = {
						CreatedOnToolsVersion = 10.0;
						TestTargetID = 925C300323C33686004CCBFD;
					};
				};
			};
			buildConfigurationList = 925C2FFF23C33686004CCBFD /* Build configuration list for PBXProject "MultipleTableview" */;
			compatibilityVersion = "Xcode 9.3";
			developmentRegion = en;
			hasScannedForEncodings = 0;
			knownRegions = (
				en,
				Base,
			);
			mainGroup = 925C2FFB23C33686004CCBFD;
			productRefGroup = 925C300523C33686004CCBFD /* Products */;
			projectDirPath = "";
			projectRoot = "";
			targets = (
				925C300323C33686004CCBFD /* MultipleTableview */,
				925C301723C3368C004CCBFD /* MultipleTableviewTests */,
			);
		};
/* End PBXProject section */

/* Begin PBXResourcesBuildPhase section */
		925C300223C33686004CCBFD /* Resources */ = {
			isa = PBXResourcesBuildPhase;
			buildActionMask = 2147483647;
			files = (
				925C301223C3368C004CCBFD /* LaunchScreen.storyboard in Resources */,
				925C300F23C3368C004CCBFD /* Assets.xcassets in Resources */,
				925C300D23C33686004CCBFD /* Main.storyboard in Resources */,
			);
			runOnlyForDeploymentPostprocessing = 0;
		};
		925C301623C3368C004CCBFD /* Resources */ = {
			isa = PBXResourcesBuildPhase;
			buildActionMask = 2147483647;
			files = (
			);
			runOnlyForDeploymentPostprocessing = 0;
		};
/* End PBXResourcesBuildPhase section */

/* Begin PBXSourcesBuildPhase section */
		925C300023C33686004CCBFD /* Sources */ = {
			isa = PBXSourcesBuildPhase;
			buildActionMask = 2147483647;
			files = (
				925C300A23C33686004CCBFD /* ViewController.swift in Sources */,
				925C300823C33686004CCBFD /* AppDelegate.swift in Sources */,
			);
			runOnlyForDeploymentPostprocessing = 0;
		};
		925C301423C3368C004CCBFD /* Sources */ = {
			isa = PBXSourcesBuildPhase;
			buildActionMask = 2147483647;
			files = (
				925C301D23C3368C004CCBFD /* MultipleTableviewTests.swift in Sources */,
			);
			runOnlyForDeploymentPostprocessing = 0;
		};
/* End PBXSourcesBuildPhase section */

/* Begin PBXTargetDependency section */
		925C301A23C3368C004CCBFD /* PBXTargetDependency */ = {
			isa = PBXTargetDependency;
			target = 925C300323C33686004CCBFD /* MultipleTableview */;
			targetProxy = 925C301923C3368C004CCBFD /* PBXContainerItemProxy */;
		};
/* End PBXTargetDependency section */

/* Begin PBXVariantGroup section */
		925C300B23C33686004CCBFD /* Main.storyboard */ = {
			isa = PBXVariantGroup;
			children = (
				925C300C23C33686004CCBFD /* Base */,
			);
			name = Main.storyboard;
			sourceTree = "<group>";
		};
		925C301023C3368C004CCBFD /* LaunchScreen.storyboard */ = {
			isa = PBXVariantGroup;
			children = (
				925C301123C3368C004CCBFD /* Base */,
			);
			name = LaunchScreen.storyboard;
			sourceTree = "<group>";
		};
/* End PBXVariantGroup section */

/* Begin XCBuildConfiguration section */
		925C301F23C3368C004CCBFD /* Debug */ = {
			isa = XCBuildConfiguration;
			buildSettings = {
				ALWAYS_SEARCH_USER_PATHS = NO;
				CLANG_ANALYZER_NONNULL = YES;
				CLANG_ANALYZER_NUMBER_OBJECT_CONVERSION = YES_AGGRESSIVE;
				CLANG_CXX_LANGUAGE_STANDARD = "gnu++14";
				CLANG_CXX_LIBRARY = "libc++";
				CLANG_ENABLE_MODULES = YES;
				CLANG_ENABLE_OBJC_ARC = YES;
				CLANG_ENABLE_OBJC_WEAK = YES;
				CLANG_WARN_BLOCK_CAPTURE_AUTORELEASING = YES;
				CLANG_WARN_BOOL_CONVERSION = YES;
				CLANG_WARN_COMMA = YES;
				CLANG_WARN_CONSTANT_CONVERSION = YES;
				CLANG_WARN_DEPRECATED_OBJC_IMPLEMENTATIONS = YES;
				CLANG_WARN_DIRECT_OBJC_ISA_USAGE = YES_ERROR;
				CLANG_WARN_DOCUMENTATION_COMMENTS = YES;
				CLANG_WARN_EMPTY_BODY = YES;
				CLANG_WARN_ENUM_CONVERSION = YES;
				CLANG_WARN_INFINITE_RECURSION = YES;
				CLANG_WARN_INT_CONVERSION = YES;
				CLANG_WARN_NON_LITERAL_NULL_CONVERSION = YES;
				CLANG_WARN_OBJC_IMPLICIT_RETAIN_SELF = YES;
				CLANG_WARN_OBJC_LITERAL_CONVERSION = YES;
				CLANG_WARN_OBJC_ROOT_CLASS = YES_ERROR;
				CLANG_WARN_RANGE_LOOP_ANALYSIS = YES;
				CLANG_WARN_STRICT_PROTOTYPES = YES;
				CLANG_WARN_SUSPICIOUS_MOVE = YES;
				CLANG_WARN_UNGUARDED_AVAILABILITY = YES_AGGRESSIVE;
				CLANG_WARN_UNREACHABLE_CODE = YES;
				CLANG_WARN__DUPLICATE_METHOD_MATCH = YES;
				CODE_SIGN_IDENTITY = "iPhone Developer";
				COPY_PHASE_STRIP = NO;
				DEBUG_INFORMATION_FORMAT = dwarf;
				ENABLE_STRICT_OBJC_MSGSEND = YES;
				ENABLE_TESTABILITY = YES;
				GCC_C_LANGUAGE_STANDARD = gnu11;
				GCC_DYNAMIC_NO_PIC = NO;
				GCC_NO_COMMON_BLOCKS = YES;
				GCC_OPTIMIZATION_LEVEL = 0;
				GCC_PREPROCESSOR_DEFINITIONS = (
					"DEBUG=1",
					"$(inherited)",
				);
				GCC_WARN_64_TO_32_BIT_CONVERSION = YES;
				GCC_WARN_ABOUT_RETURN_TYPE = YES_ERROR;
				GCC_WARN_UNDECLARED_SELECTOR = YES;
				GCC_WARN_UNINITIALIZED_AUTOS = YES_AGGRESSIVE;
				GCC_WARN_UNUSED_FUNCTION = YES;
				GCC_WARN_UNUSED_VARIABLE = YES;
				IPHONEOS_DEPLOYMENT_TARGET = 12.0;
				MTL_ENABLE_DEBUG_INFO = INCLUDE_SOURCE;
				MTL_FAST_MATH = YES;
				ONLY_ACTIVE_ARCH = YES;
				SDKROOT = iphoneos;
				SWIFT_ACTIVE_COMPILATION_CONDITIONS = DEBUG;
				SWIFT_OPTIMIZATION_LEVEL = "-Onone";
			};
			name = Debug;
		};
		925C302023C3368C004CCBFD /* Release */ = {
			isa = XCBuildConfiguration;
			buildSettings = {
				ALWAYS_SEARCH_USER_PATHS = NO;
				CLANG_ANALYZER_NONNULL = YES;
				CLANG_ANALYZER_NUMBER_OBJECT_CONVERSION = YES_AGGRESSIVE;
				CLANG_CXX_LANGUAGE_STANDARD = "gnu++14";
				CLANG_CXX_LIBRARY = "libc++";
				CLANG_ENABLE_MODULES = YES;
				CLANG_ENABLE_OBJC_ARC = YES;
				CLANG_ENABLE_OBJC_WEAK = YES;
				CLANG_WARN_BLOCK_CAPTURE_AUTORELEASING = YES;
				CLANG_WARN_BOOL_CONVERSION = YES;
				CLANG_WARN_COMMA = YES;
				CLANG_WARN_CONSTANT_CONVERSION = YES;
				CLANG_WARN_DEPRECATED_OBJC_IMPLEMENTATIONS = YES;
				CLANG_WARN_DIRECT_OBJC_ISA_USAGE = YES_ERROR;
				CLANG_WARN_DOCUMENTATION_COMMENTS = YES;
				CLANG_WARN_EMPTY_BODY = YES;
				CLANG_WARN_ENUM_CONVERSION = YES;
				CLANG_WARN_INFINITE_RECURSION = YES;
				CLANG_WARN_INT_CONVERSION = YES;
				CLANG_WARN_NON_LITERAL_NULL_CONVERSION = YES;
				CLANG_WARN_OBJC_IMPLICIT_RETAIN_SELF = YES;
				CLANG_WARN_OBJC_LITERAL_CONVERSION = YES;
				CLANG_WARN_OBJC_ROOT_CLASS = YES_ERROR;
				CLANG_WARN_RANGE_LOOP_ANALYSIS = YES;
				CLANG_WARN_STRICT_PROTOTYPES = YES;
				CLANG_WARN_SUSPICIOUS_MOVE = YES;
				CLANG_WARN_UNGUARDED_AVAILABILITY = YES_AGGRESSIVE;
				CLANG_WARN_UNREACHABLE_CODE = YES;
				CLANG_WARN__DUPLICATE_METHOD_MATCH = YES;
				CODE_SIGN_IDENTITY = "iPhone Developer";
				COPY_PHASE_STRIP = NO;
				DEBUG_INFORMATION_FORMAT = "dwarf-with-dsym";
				ENABLE_NS_ASSERTIONS = NO;
				ENABLE_STRICT_OBJC_MSGSEND = YES;
				GCC_C_LANGUAGE_STANDARD = gnu11;
				GCC_NO_COMMON_BLOCKS = YES;
				GCC_WARN_64_TO_32_BIT_CONVERSION = YES;
				GCC_WARN_ABOUT_RETURN_TYPE = YES_ERROR;
				GCC_WARN_UNDECLARED_SELECTOR = YES;
				GCC_WARN_UNINITIALIZED_AUTOS = YES_AGGRESSIVE;
				GCC_WARN_UNUSED_FUNCTION = YES;
				GCC_WARN_UNUSED_VARIABLE = YES;
				IPHONEOS_DEPLOYMENT_TARGET = 12.0;
				MTL_ENABLE_DEBUG_INFO = NO;
				MTL_FAST_MATH = YES;
				SDKROOT = iphoneos;
				SWIFT_COMPILATION_MODE = wholemodule;
				SWIFT_OPTIMIZATION_LEVEL = "-O";
				VALIDATE_PRODUCT = YES;
			};
			name = Release;
		};
		925C302223C3368C004CCBFD /* Debug */ = {
			isa = XCBuildConfiguration;
			buildSettings = {
				ASSETCATALOG_COMPILER_APPICON_NAME = AppIcon;
				CODE_SIGN_STYLE = Automatic;
				INFOPLIST_FILE = MultipleTableview/Info.plist;
				LD_RUNPATH_SEARCH_PATHS = (
					"$(inherited)",
					"@executable_path/Frameworks",
				);
				PRODUCT_BUNDLE_IDENTIFIER = test.MultipleTableview;
				PRODUCT_NAME = "$(TARGET_NAME)";
				SWIFT_VERSION = 4.2;
				TARGETED_DEVICE_FAMILY = "1,2";
			};
			name = Debug;
		};
		925C302323C3368C004CCBFD /* Release */ = {
			isa = XCBuildConfiguration;
			buildSettings = {
				ASSETCATALOG_COMPILER_APPICON_NAME = AppIcon;
				CODE_SIGN_STYLE = Automatic;
				INFOPLIST_FILE = MultipleTableview/Info.plist;
				LD_RUNPATH_SEARCH_PATHS = (
					"$(inherited)",
					"@executable_path/Frameworks",
				);
				PRODUCT_BUNDLE_IDENTIFIER = test.MultipleTableview;
				PRODUCT_NAME = "$(TARGET_NAME)";
				SWIFT_VERSION = 4.2;
				TARGETED_DEVICE_FAMILY = "1,2";
			};
			name = Release;
		};
		925C302523C3368C004CCBFD /* Debug */ = {
			isa = XCBuildConfiguration;
			buildSettings = {
				ALWAYS_EMBED_SWIFT_STANDARD_LIBRARIES = YES;
				BUNDLE_LOADER = "$(TEST_HOST)";
				CODE_SIGN_STYLE = Automatic;
				INFOPLIST_FILE = MultipleTableviewTests/Info.plist;
				LD_RUNPATH_SEARCH_PATHS = (
					"$(inherited)",
					"@executable_path/Frameworks",
					"@loader_path/Frameworks",
				);
				PRODUCT_BUNDLE_IDENTIFIER = test.MultipleTableviewTests;
				PRODUCT_NAME = "$(TARGET_NAME)";
				SWIFT_VERSION = 4.2;
				TARGETED_DEVICE_FAMILY = "1,2";
				TEST_HOST = "$(BUILT_PRODUCTS_DIR)/MultipleTableview.app/MultipleTableview";
			};
			name = Debug;
		};
		925C302623C3368C004CCBFD /* Release */ = {
			isa = XCBuildConfiguration;
			buildSettings = {
				ALWAYS_EMBED_SWIFT_STANDARD_LIBRARIES = YES;
				BUNDLE_LOADER = "$(TEST_HOST)";
				CODE_SIGN_STYLE = Automatic;
				INFOPLIST_FILE = MultipleTableviewTests/Info.plist;
				LD_RUNPATH_SEARCH_PATHS = (
					"$(inherited)",
					"@executable_path/Frameworks",
					"@loader_path/Frameworks",
				);
				PRODUCT_BUNDLE_IDENTIFIER = test.MultipleTableviewTests;
				PRODUCT_NAME = "$(TARGET_NAME)";
				SWIFT_VERSION = 4.2;
				TARGETED_DEVICE_FAMILY = "1,2";
				TEST_HOST = "$(BUILT_PRODUCTS_DIR)/MultipleTableview.app/MultipleTableview";
			};
			name = Release;
		};
/* End XCBuildConfiguration section */

/* Begin XCConfigurationList section */
		925C2FFF23C33686004CCBFD /* Build configuration list for PBXProject "MultipleTableview" */ = {
			isa = XCConfigurationList;
			buildConfigurations = (
				925C301F23C3368C004CCBFD /* Debug */,
				925C302023C3368C004CCBFD /* Release */,
			);
			defaultConfigurationIsVisible = 0;
			defaultConfigurationName = Release;
		};
		925C302123C3368C004CCBFD /* Build configuration list for PBXNativeTarget "MultipleTableview" */ = {
			isa = XCConfigurationList;
			buildConfigurations = (
				925C302223C3368C004CCBFD /* Debug */,
				925C302323C3368C004CCBFD /* Release */,
			);
			defaultConfigurationIsVisible = 0;
			defaultConfigurationName = Release;
		};
		925C302423C3368C004CCBFD /* Build configuration list for PBXNativeTarget "MultipleTableviewTests" */ = {
			isa = XCConfigurationList;
			buildConfigurations = (
				925C302523C3368C004CCBFD /* Debug */,
				925C302623C3368C004CCBFD /* Release */,
			);
			defaultConfigurationIsVisible = 0;
			defaultConfigurationName = Release;
		};
/* End XCConfigurationList section */
	};
	rootObject = 925C2FFC23C33686004CCBFD /* Project object */;
}
